
Microsoft Visual Studio Solution File, Format Version 12.00
# Visual Studio Version 17
VisualStudioVersion = 17.13.35825.156 d17.13
MinimumVisualStudioVersion = 10.0.40219.1
Project("{FAE04EC0-301F-11D3-BF4B-00C04F79EFBC}") = "Lab4", "Lab4\Lab4.csproj", "{51BAAA67-615F-48F0-83CE-6A9C466BC303}"
EndProject
Global
	GlobalSection(SolutionConfigurationPlatforms) = preSolution
		Debug|Any CPU = Debug|Any CPU
		Release|Any CPU = Release|Any CPU
	EndGlobalSection
	GlobalSection(ProjectConfigurationPlatforms) = postSolution
		{51BAAA67-615F-48F0-83CE-6A9C466BC303}.Debug|Any CPU.ActiveCfg = Debug|Any CPU
		{51BAAA67-615F-48F0-83CE-6A9C466BC303}.Debug|Any CPU.Build.0 = Debug|Any CPU
		{51BAAA67-615F-48F0-83CE-6A9C466BC303}.Release|Any CPU.ActiveCfg = Release|Any CPU
		{51BAAA67-615F-48F0-83CE-6A9C466BC303}.Release|Any CPU.Build.0 = Release|Any CPU
	EndGlobalSection
	GlobalSection(SolutionProperties) = preSolution
		HideSolutionNode = FALSE
	EndGlobalSection
	GlobalSection(ExtensibilityGlobals) = postSolution
		SolutionGuid = {5E3CFA6E-2F38-4E29-8649-E637707F204D}
	EndGlobalSection
EndGlobal
