
Microsoft Visual Studio Solution File, Format Version 12.00
# Visual Studio Version 17
VisualStudioVersion = 17.13.35825.156 d17.13
MinimumVisualStudioVersion = 10.0.40219.1
Project("{FAE04EC0-301F-11D3-BF4B-00C04F79EFBC}") = "Lab2", "Lab2\Lab2.csproj", "{86D8DD81-967E-4438-92B1-CCECDF987CFE}"
EndProject
Global
	GlobalSection(SolutionConfigurationPlatforms) = preSolution
		Debug|Any CPU = Debug|Any CPU
		Release|Any CPU = Release|Any CPU
	EndGlobalSection
	GlobalSection(ProjectConfigurationPlatforms) = postSolution
		{86D8DD81-967E-4438-92B1-CCECDF987CFE}.Debug|Any CPU.ActiveCfg = Debug|Any CPU
		{86D8DD81-967E-4438-92B1-CCECDF987CFE}.Debug|Any CPU.Build.0 = Debug|Any CPU
		{86D8DD81-967E-4438-92B1-CCECDF987CFE}.Release|Any CPU.ActiveCfg = Release|Any CPU
		{86D8DD81-967E-4438-92B1-CCECDF987CFE}.Release|Any CPU.Build.0 = Release|Any CPU
	EndGlobalSection
	GlobalSection(SolutionProperties) = preSolution
		HideSolutionNode = FALSE
	EndGlobalSection
	GlobalSection(ExtensibilityGlobals) = postSolution
		SolutionGuid = {F53F8939-E52A-4BC3-BAF2-3D666BC11E27}
	EndGlobalSection
EndGlobal
